// !$*UTF8*$!
{
	archiveVersion = 1;
	classes = {
	};
	objectVersion = 50;
	objects = {

/* Begin PBXBuildFile section */
		A6D3EB35234B5BB00028800D /* AppDelegate.swift in Sources */ = {isa = PBXBuildFile; fileRef = A6D3EB34234B5BB00028800D /* AppDelegate.swift */; };
		A6D3EB37234B5BB00028800D /* SceneDelegate.swift in Sources */ = {isa = PBXBuildFile; fileRef = A6D3EB36234B5BB00028800D /* SceneDelegate.swift */; };
		A6D3EB39234B5BB00028800D /* ViewController.swift in Sources */ = {isa = PBXBuildFile; fileRef = A6D3EB38234B5BB00028800D /* ViewController.swift */; };
		A6D3EB3C234B5BB00028800D /* Main.storyboard in Resources */ = {isa = PBXBuildFile; fileRef = A6D3EB3A234B5BB00028800D /* Main.storyboard */; };
		A6D3EB3E234B5BB30028800D /* Assets.xcassets in Resources */ = {isa = PBXBuildFile; fileRef = A6D3EB3D234B5BB30028800D /* Assets.xcassets */; };
		A6D3EB41234B5BB30028800D /* LaunchScreen.storyboard in Resources */ = {isa = PBXBuildFile; fileRef = A6D3EB3F234B5BB30028800D /* LaunchScreen.storyboard */; };
		A6D3EB4C234B5CB60028800D /* FoodCategory.swift in Sources */ = {isa = PBXBuildFile; fileRef = A6D3EB4B234B5CB60028800D /* FoodCategory.swift */; };
		A6D3EB4E234B5D280028800D /* Recipe.swift in Sources */ = {isa = PBXBuildFile; fileRef = A6D3EB4D234B5D280028800D /* Recipe.swift */; };
		A6D3EB50234B5D720028800D /* DataSet.swift in Sources */ = {isa = PBXBuildFile; fileRef = A6D3EB4F234B5D720028800D /* DataSet.swift */; };
		A6E0B45D234B7E8600F75185 /* CategoryCell.swift in Sources */ = {isa = PBXBuildFile; fileRef = A6E0B45C234B7E8600F75185 /* CategoryCell.swift */; };
/* End PBXBuildFile section */

/* Begin PBXFileReference section */
		A6D3EB31234B5BB00028800D /* Good Eatins.app */ = {isa = PBXFileReference; explicitFileType = wrapper.application; includeInIndex = 0; path = "Good Eatins.app"; sourceTree = BUILT_PRODUCTS_DIR; };
		A6D3EB34234B5BB00028800D /* AppDelegate.swift */ = {isa = PBXFileReference; lastKnownFileType = sourcecode.swift; path = AppDelegate.swift; sourceTree = "<group>"; };
		A6D3EB36234B5BB00028800D /* SceneDelegate.swift */ = {isa = PBXFileReference; lastKnownFileType = sourcecode.swift; path = SceneDelegate.swift; sourceTree = "<group>"; };
		A6D3EB38234B5BB00028800D /* ViewController.swift */ = {isa = PBXFileReference; lastKnownFileType = sourcecode.swift; path = ViewController.swift; sourceTree = "<group>"; };
		A6D3EB3B234B5BB00028800D /* Base */ = {isa = PBXFileReference; lastKnownFileType = file.storyboard; name = Base; path = Base.lproj/Main.storyboard; sourceTree = "<group>"; };
		A6D3EB3D234B5BB30028800D /* Assets.xcassets */ = {isa = PBXFileReference; lastKnownFileType = folder.assetcatalog; path = Assets.xcassets; sourceTree = "<group>"; };
		A6D3EB40234B5BB30028800D /* Base */ = {isa = PBXFileReference; lastKnownFileType = file.storyboard; name = Base; path = Base.lproj/LaunchScreen.storyboard; sourceTree = "<group>"; };
		A6D3EB42234B5BB30028800D /* Info.plist */ = {isa = PBXFileReference; lastKnownFileType = text.plist.xml; path = Info.plist; sourceTree = "<group>"; };
		A6D3EB4B234B5CB60028800D /* FoodCategory.swift */ = {isa = PBXFileReference; lastKnownFileType = sourcecode.swift; path = FoodCategory.swift; sourceTree = "<group>"; };
		A6D3EB4D234B5D280028800D /* Recipe.swift */ = {isa = PBXFileReference; lastKnownFileType = sourcecode.swift; path = Recipe.swift; sourceTree = "<group>"; };
		A6D3EB4F234B5D720028800D /* DataSet.swift */ = {isa = PBXFileReference; lastKnownFileType = sourcecode.swift; path = DataSet.swift; sourceTree = "<group>"; };
		A6E0B45C234B7E8600F75185 /* CategoryCell.swift */ = {isa = PBXFileReference; lastKnownFileType = sourcecode.swift; path = CategoryCell.swift; sourceTree = "<group>"; };
/* End PBXFileReference section */

/* Begin PBXFrameworksBuildPhase section */
		A6D3EB2E234B5BB00028800D /* Frameworks */ = {
			isa = PBXFrameworksBuildPhase;
			buildActionMask = 2147483647;
			files = (
			);
			runOnlyForDeploymentPostprocessing = 0;
		};
/* End PBXFrameworksBuildPhase section */

/* Begin PBXGroup section */
		A6D3EB28234B5BB00028800D = {
			isa = PBXGroup;
			children = (
				A6D3EB33234B5BB00028800D /* Good Eatins */,
				A6D3EB32234B5BB00028800D /* Products */,
			);
			sourceTree = "<group>";
		};
		A6D3EB32234B5BB00028800D /* Products */ = {
			isa = PBXGroup;
			children = (
				A6D3EB31234B5BB00028800D /* Good Eatins.app */,
			);
			name = Products;
			sourceTree = "<group>";
		};
		A6D3EB33234B5BB00028800D /* Good Eatins */ = {
			isa = PBXGroup;
			children = (
				A6D3EB48234B5BFE0028800D /* Model */,
				A6D3EB49234B5C110028800D /* View */,
				A6D3EB4A234B5C180028800D /* Controller */,
				A6D3EB34234B5BB00028800D /* AppDelegate.swift */,
				A6D3EB36234B5BB00028800D /* SceneDelegate.swift */,
				A6D3EB3A234B5BB00028800D /* Main.storyboard */,
				A6D3EB3D234B5BB30028800D /* Assets.xcassets */,
				A6D3EB3F234B5BB30028800D /* LaunchScreen.storyboard */,
				A6D3EB42234B5BB30028800D /* Info.plist */,
			);
			path = "Good Eatins";
			sourceTree = "<group>";
		};
		A6D3EB48234B5BFE0028800D /* Model */ = {
			isa = PBXGroup;
			children = (
				A6D3EB4B234B5CB60028800D /* FoodCategory.swift */,
				A6D3EB4D234B5D280028800D /* Recipe.swift */,
				A6D3EB4F234B5D720028800D /* DataSet.swift */,
			);
			path = Model;
			sourceTree = "<group>";
		};
		A6D3EB49234B5C110028800D /* View */ = {
			isa = PBXGroup;
			children = (
				A6E0B45C234B7E8600F75185 /* CategoryCell.swift */,
			);
			path = View;
			sourceTree = "<group>";
		};
		A6D3EB4A234B5C180028800D /* Controller */ = {
			isa = PBXGroup;
			children = (
				A6D3EB38234B5BB00028800D /* ViewController.swift */,
			);
			path = Controller;
			sourceTree = "<group>";
		};
/* End PBXGroup section */

/* Begin PBXNativeTarget section */
		A6D3EB30234B5BB00028800D /* Good Eatins */ = {
			isa = PBXNativeTarget;
			buildConfigurationList = A6D3EB45234B5BB30028800D /* Build configuration list for PBXNativeTarget "Good Eatins" */;
			buildPhases = (
				A6D3EB2D234B5BB00028800D /* Sources */,
				A6D3EB2E234B5BB00028800D /* Frameworks */,
				A6D3EB2F234B5BB00028800D /* Resources */,
			);
			buildRules = (
			);
			dependencies = (
			);
			name = "Good Eatins";
			productName = "Good Eatins";
			productReference = A6D3EB31234B5BB00028800D /* Good Eatins.app */;
			productType = "com.apple.product-type.application";
		};
/* End PBXNativeTarget section */

/* Begin PBXProject section */
		A6D3EB29234B5BB00028800D /* Project object */ = {
			isa = PBXProject;
			attributes = {
				LastSwiftUpdateCheck = 1100;
				LastUpgradeCheck = 1100;
				ORGANIZATIONNAME = "Umair Latif";
				TargetAttributes = {
					A6D3EB30234B5BB00028800D = {
						CreatedOnToolsVersion = 11.0;
					};
				};
			};
			buildConfigurationList = A6D3EB2C234B5BB00028800D /* Build configuration list for PBXProject "Good Eatins" */;
			compatibilityVersion = "Xcode 9.3";
			developmentRegion = en;
			hasScannedForEncodings = 0;
			knownRegions = (
				en,
				Base,
			);
			mainGroup = A6D3EB28234B5BB00028800D;
			productRefGroup = A6D3EB32234B5BB00028800D /* Products */;
			projectDirPath = "";
			projectRoot = "";
			targets = (
				A6D3EB30234B5BB00028800D /* Good Eatins */,
			);
		};
/* End PBXProject section */

/* Begin PBXResourcesBuildPhase section */
		A6D3EB2F234B5BB00028800D /* Resources */ = {
			isa = PBXResourcesBuildPhase;
			buildActionMask = 2147483647;
			files = (
				A6D3EB41234B5BB30028800D /* LaunchScreen.storyboard in Resources */,
				A6D3EB3E234B5BB30028800D /* Assets.xcassets in Resources */,
				A6D3EB3C234B5BB00028800D /* Main.storyboard in Resources */,
			);
			runOnlyForDeploymentPostprocessing = 0;
		};
/* End PBXResourcesBuildPhase section */

/* Begin PBXSourcesBuildPhase section */
		A6D3EB2D234B5BB00028800D /* Sources */ = {
			isa = PBXSourcesBuildPhase;
			buildActionMask = 2147483647;
			files = (
				A6D3EB50234B5D720028800D /* DataSet.swift in Sources */,
				A6D3EB39234B5BB00028800D /* ViewController.swift in Sources */,
				A6D3EB35234B5BB00028800D /* AppDelegate.swift in Sources */,
				A6E0B45D234B7E8600F75185 /* CategoryCell.swift in Sources */,
				A6D3EB37234B5BB00028800D /* SceneDelegate.swift in Sources */,
				A6D3EB4C234B5CB60028800D /* FoodCategory.swift in Sources */,
				A6D3EB4E234B5D280028800D /* Recipe.swift in Sources */,
			);
			runOnlyForDeploymentPostprocessing = 0;
		};
/* End PBXSourcesBuildPhase section */

/* Begin PBXVariantGroup section */
		A6D3EB3A234B5BB00028800D /* Main.storyboard */ = {
			isa = PBXVariantGroup;
			children = (
				A6D3EB3B234B5BB00028800D /* Base */,
			);
			name = Main.storyboard;
			sourceTree = "<group>";
		};
		A6D3EB3F234B5BB30028800D /* LaunchScreen.storyboard */ = {
			isa = PBXVariantGroup;
			children = (
				A6D3EB40234B5BB30028800D /* Base */,
			);
			name = LaunchScreen.storyboard;
			sourceTree = "<group>";
		};
/* End PBXVariantGroup section */

/* Begin XCBuildConfiguration section */
		A6D3EB43234B5BB30028800D /* Debug */ = {
			isa = XCBuildConfiguration;
			buildSettings = {
				ALWAYS_SEARCH_USER_PATHS = NO;
				CLANG_ANALYZER_NONNULL = YES;
				CLANG_ANALYZER_NUMBER_OBJECT_CONVERSION = YES_AGGRESSIVE;
				CLANG_CXX_LANGUAGE_STANDARD = "gnu++14";
				CLANG_CXX_LIBRARY = "libc++";
				CLANG_ENABLE_MODULES = YES;
				CLANG_ENABLE_OBJC_ARC = YES;
				CLANG_ENABLE_OBJC_WEAK = YES;
				CLANG_WARN_BLOCK_CAPTURE_AUTORELEASING = YES;
				CLANG_WARN_BOOL_CONVERSION = YES;
				CLANG_WARN_COMMA = YES;
				CLANG_WARN_CONSTANT_CONVERSION = YES;
				CLANG_WARN_DEPRECATED_OBJC_IMPLEMENTATIONS = YES;
				CLANG_WARN_DIRECT_OBJC_ISA_USAGE = YES_ERROR;
				CLANG_WARN_DOCUMENTATION_COMMENTS = YES;
				CLANG_WARN_EMPTY_BODY = YES;
				CLANG_WARN_ENUM_CONVERSION = YES;
				CLANG_WARN_INFINITE_RECURSION = YES;
				CLANG_WARN_INT_CONVERSION = YES;
				CLANG_WARN_NON_LITERAL_NULL_CONVERSION = YES;
				CLANG_WARN_OBJC_IMPLICIT_RETAIN_SELF = YES;
				CLANG_WARN_OBJC_LITERAL_CONVERSION = YES;
				CLANG_WARN_OBJC_ROOT_CLASS = YES_ERROR;
				CLANG_WARN_RANGE_LOOP_ANALYSIS = YES;
				CLANG_WARN_STRICT_PROTOTYPES = YES;
				CLANG_WARN_SUSPICIOUS_MOVE = YES;
				CLANG_WARN_UNGUARDED_AVAILABILITY = YES_AGGRESSIVE;
				CLANG_WARN_UNREACHABLE_CODE = YES;
				CLANG_WARN__DUPLICATE_METHOD_MATCH = YES;
				COPY_PHASE_STRIP = NO;
				DEBUG_INFORMATION_FORMAT = dwarf;
				ENABLE_STRICT_OBJC_MSGSEND = YES;
				ENABLE_TESTABILITY = YES;
				GCC_C_LANGUAGE_STANDARD = gnu11;
				GCC_DYNAMIC_NO_PIC = NO;
				GCC_NO_COMMON_BLOCKS = YES;
				GCC_OPTIMIZATION_LEVEL = 0;
				GCC_PREPROCESSOR_DEFINITIONS = (
					"DEBUG=1",
					"$(inherited)",
				);
				GCC_WARN_64_TO_32_BIT_CONVERSION = YES;
				GCC_WARN_ABOUT_RETURN_TYPE = YES_ERROR;
				GCC_WARN_UNDECLARED_SELECTOR = YES;
				GCC_WARN_UNINITIALIZED_AUTOS = YES_AGGRESSIVE;
				GCC_WARN_UNUSED_FUNCTION = YES;
				GCC_WARN_UNUSED_VARIABLE = YES;
				IPHONEOS_DEPLOYMENT_TARGET = 13.0;
				MTL_ENABLE_DEBUG_INFO = INCLUDE_SOURCE;
				MTL_FAST_MATH = YES;
				ONLY_ACTIVE_ARCH = YES;
				SDKROOT = iphoneos;
				SWIFT_ACTIVE_COMPILATION_CONDITIONS = DEBUG;
				SWIFT_OPTIMIZATION_LEVEL = "-Onone";
			};
			name = Debug;
		};
		A6D3EB44234B5BB30028800D /* Release */ = {
			isa = XCBuildConfiguration;
			buildSettings = {
				ALWAYS_SEARCH_USER_PATHS = NO;
				CLANG_ANALYZER_NONNULL = YES;
				CLANG_ANALYZER_NUMBER_OBJECT_CONVERSION = YES_AGGRESSIVE;
				CLANG_CXX_LANGUAGE_STANDARD = "gnu++14";
				CLANG_CXX_LIBRARY = "libc++";
				CLANG_ENABLE_MODULES = YES;
				CLANG_ENABLE_OBJC_ARC = YES;
				CLANG_ENABLE_OBJC_WEAK = YES;
				CLANG_WARN_BLOCK_CAPTURE_AUTORELEASING = YES;
				CLANG_WARN_BOOL_CONVERSION = YES;
				CLANG_WARN_COMMA = YES;
				CLANG_WARN_CONSTANT_CONVERSION = YES;
				CLANG_WARN_DEPRECATED_OBJC_IMPLEMENTATIONS = YES;
				CLANG_WARN_DIRECT_OBJC_ISA_USAGE = YES_ERROR;
				CLANG_WARN_DOCUMENTATION_COMMENTS = YES;
				CLANG_WARN_EMPTY_BODY = YES;
				CLANG_WARN_ENUM_CONVERSION = YES;
				CLANG_WARN_INFINITE_RECURSION = YES;
				CLANG_WARN_INT_CONVERSION = YES;
				CLANG_WARN_NON_LITERAL_NULL_CONVERSION = YES;
				CLANG_WARN_OBJC_IMPLICIT_RETAIN_SELF = YES;
				CLANG_WARN_OBJC_LITERAL_CONVERSION = YES;
				CLANG_WARN_OBJC_ROOT_CLASS = YES_ERROR;
				CLANG_WARN_RANGE_LOOP_ANALYSIS = YES;
				CLANG_WARN_STRICT_PROTOTYPES = YES;
				CLANG_WARN_SUSPICIOUS_MOVE = YES;
				CLANG_WARN_UNGUARDED_AVAILABILITY = YES_AGGRESSIVE;
				CLANG_WARN_UNREACHABLE_CODE = YES;
				CLANG_WARN__DUPLICATE_METHOD_MATCH = YES;
				COPY_PHASE_STRIP = NO;
				DEBUG_INFORMATION_FORMAT = "dwarf-with-dsym";
				ENABLE_NS_ASSERTIONS = NO;
				ENABLE_STRICT_OBJC_MSGSEND = YES;
				GCC_C_LANGUAGE_STANDARD = gnu11;
				GCC_NO_COMMON_BLOCKS = YES;
				GCC_WARN_64_TO_32_BIT_CONVERSION = YES;
				GCC_WARN_ABOUT_RETURN_TYPE = YES_ERROR;
				GCC_WARN_UNDECLARED_SELECTOR = YES;
				GCC_WARN_UNINITIALIZED_AUTOS = YES_AGGRESSIVE;
				GCC_WARN_UNUSED_FUNCTION = YES;
				GCC_WARN_UNUSED_VARIABLE = YES;
				IPHONEOS_DEPLOYMENT_TARGET = 13.0;
				MTL_ENABLE_DEBUG_INFO = NO;
				MTL_FAST_MATH = YES;
				SDKROOT = iphoneos;
				SWIFT_COMPILATION_MODE = wholemodule;
				SWIFT_OPTIMIZATION_LEVEL = "-O";
				VALIDATE_PRODUCT = YES;
			};
			name = Release;
		};
		A6D3EB46234B5BB30028800D /* Debug */ = {
			isa = XCBuildConfiguration;
			buildSettings = {
				ASSETCATALOG_COMPILER_APPICON_NAME = AppIcon;
				CODE_SIGN_STYLE = Automatic;
				DEVELOPMENT_TEAM = 7X66BU6P2Q;
				INFOPLIST_FILE = "Good Eatins/Info.plist";
				LD_RUNPATH_SEARCH_PATHS = (
					"$(inherited)",
					"@executable_path/Frameworks",
				);
				PRODUCT_BUNDLE_IDENTIFIER = "com.umairlatif.Good-Eatins";
				PRODUCT_NAME = "$(TARGET_NAME)";
				SWIFT_VERSION = 5.0;
				TARGETED_DEVICE_FAMILY = "1,2";
			};
			name = Debug;
		};
		A6D3EB47234B5BB30028800D /* Release */ = {
			isa = XCBuildConfiguration;
			buildSettings = {
				ASSETCATALOG_COMPILER_APPICON_NAME = AppIcon;
				CODE_SIGN_STYLE = Automatic;
				DEVELOPMENT_TEAM = 7X66BU6P2Q;
				INFOPLIST_FILE = "Good Eatins/Info.plist";
				LD_RUNPATH_SEARCH_PATHS = (
					"$(inherited)",
					"@executable_path/Frameworks",
				);
				PRODUCT_BUNDLE_IDENTIFIER = "com.umairlatif.Good-Eatins";
				PRODUCT_NAME = "$(TARGET_NAME)";
				SWIFT_VERSION = 5.0;
				TARGETED_DEVICE_FAMILY = "1,2";
			};
			name = Release;
		};
/* End XCBuildConfiguration section */

/* Begin XCConfigurationList section */
		A6D3EB2C234B5BB00028800D /* Build configuration list for PBXProject "Good Eatins" */ = {
			isa = XCConfigurationList;
			buildConfigurations = (
				A6D3EB43234B5BB30028800D /* Debug */,
				A6D3EB44234B5BB30028800D /* Release */,
			);
			defaultConfigurationIsVisible = 0;
			defaultConfigurationName = Release;
		};
		A6D3EB45234B5BB30028800D /* Build configuration list for PBXNativeTarget "Good Eatins" */ = {
			isa = XCConfigurationList;
			buildConfigurations = (
				A6D3EB46234B5BB30028800D /* Debug */,
				A6D3EB47234B5BB30028800D /* Release */,
			);
			defaultConfigurationIsVisible = 0;
			defaultConfigurationName = Release;
		};
/* End XCConfigurationList section */
	};
	rootObject = A6D3EB29234B5BB00028800D /* Project object */;
}
